// !$*UTF8*$!
{
	archiveVersion = 1;
	classes = {
	};
	objectVersion = 56;
	objects = {

/* Begin PBXBuildFile section */
		87395C2A2BBCDAFA005F2025 /* momentumApp.swift in Sources */ = {isa = PBXBuildFile; fileRef = 87395C292BBCDAFA005F2025 /* momentumApp.swift */; };
		87395C2C2BBCDAFA005F2025 /* MomentumView.swift in Sources */ = {isa = PBXBuildFile; fileRef = 87395C2B2BBCDAFA005F2025 /* MomentumView.swift */; };
		87395C2E2BBCDAFC005F2025 /* Assets.xcassets in Resources */ = {isa = PBXBuildFile; fileRef = 87395C2D2BBCDAFC005F2025 /* Assets.xcassets */; };
		87395C312BBCDAFC005F2025 /* Preview Assets.xcassets in Resources */ = {isa = PBXBuildFile; fileRef = 87395C302BBCDAFC005F2025 /* Preview Assets.xcassets */; };
		87395C3B2BBCDAFC005F2025 /* momentumTests.swift in Sources */ = {isa = PBXBuildFile; fileRef = 87395C3A2BBCDAFC005F2025 /* momentumTests.swift */; };
		87395C452BBCDAFC005F2025 /* momentumUITests.swift in Sources */ = {isa = PBXBuildFile; fileRef = 87395C442BBCDAFC005F2025 /* momentumUITests.swift */; };
		87395C472BBCDAFC005F2025 /* momentumUITestsLaunchTests.swift in Sources */ = {isa = PBXBuildFile; fileRef = 87395C462BBCDAFC005F2025 /* momentumUITestsLaunchTests.swift */; };
		877CD11F2BBCF052009EA1A8 /* SpeechRecognizer.swift in Sources */ = {isa = PBXBuildFile; fileRef = 877CD11E2BBCF052009EA1A8 /* SpeechRecognizer.swift */; };
/* End PBXBuildFile section */

/* Begin PBXContainerItemProxy section */
		87395C372BBCDAFC005F2025 /* PBXContainerItemProxy */ = {
			isa = PBXContainerItemProxy;
			containerPortal = 87395C1E2BBCDAFA005F2025 /* Project object */;
			proxyType = 1;
			remoteGlobalIDString = 87395C252BBCDAFA005F2025;
			remoteInfo = momentum;
		};
		87395C412BBCDAFC005F2025 /* PBXContainerItemProxy */ = {
			isa = PBXContainerItemProxy;
			containerPortal = 87395C1E2BBCDAFA005F2025 /* Project object */;
			proxyType = 1;
			remoteGlobalIDString = 87395C252BBCDAFA005F2025;
			remoteInfo = momentum;
		};
/* End PBXContainerItemProxy section */

/* Begin PBXFileReference section */
		87395C262BBCDAFA005F2025 /* momentum.app */ = {isa = PBXFileReference; explicitFileType = wrapper.application; includeInIndex = 0; path = momentum.app; sourceTree = BUILT_PRODUCTS_DIR; };
		87395C292BBCDAFA005F2025 /* momentumApp.swift */ = {isa = PBXFileReference; lastKnownFileType = sourcecode.swift; path = momentumApp.swift; sourceTree = "<group>"; };
		87395C2B2BBCDAFA005F2025 /* MomentumView.swift */ = {isa = PBXFileReference; lastKnownFileType = sourcecode.swift; path = MomentumView.swift; sourceTree = "<group>"; };
		87395C2D2BBCDAFC005F2025 /* Assets.xcassets */ = {isa = PBXFileReference; lastKnownFileType = folder.assetcatalog; path = Assets.xcassets; sourceTree = "<group>"; };
		87395C302BBCDAFC005F2025 /* Preview Assets.xcassets */ = {isa = PBXFileReference; lastKnownFileType = folder.assetcatalog; path = "Preview Assets.xcassets"; sourceTree = "<group>"; };
		87395C362BBCDAFC005F2025 /* momentumTests.xctest */ = {isa = PBXFileReference; explicitFileType = wrapper.cfbundle; includeInIndex = 0; path = momentumTests.xctest; sourceTree = BUILT_PRODUCTS_DIR; };
		87395C3A2BBCDAFC005F2025 /* momentumTests.swift */ = {isa = PBXFileReference; lastKnownFileType = sourcecode.swift; path = momentumTests.swift; sourceTree = "<group>"; };
		87395C402BBCDAFC005F2025 /* momentumUITests.xctest */ = {isa = PBXFileReference; explicitFileType = wrapper.cfbundle; includeInIndex = 0; path = momentumUITests.xctest; sourceTree = BUILT_PRODUCTS_DIR; };
		87395C442BBCDAFC005F2025 /* momentumUITests.swift */ = {isa = PBXFileReference; lastKnownFileType = sourcecode.swift; path = momentumUITests.swift; sourceTree = "<group>"; };
		87395C462BBCDAFC005F2025 /* momentumUITestsLaunchTests.swift */ = {isa = PBXFileReference; lastKnownFileType = sourcecode.swift; path = momentumUITestsLaunchTests.swift; sourceTree = "<group>"; };
		877CD11D2BBCF00C009EA1A8 /* Info.plist */ = {isa = PBXFileReference; lastKnownFileType = text.plist; path = Info.plist; sourceTree = "<group>"; };
		877CD11E2BBCF052009EA1A8 /* SpeechRecognizer.swift */ = {isa = PBXFileReference; lastKnownFileType = sourcecode.swift; path = SpeechRecognizer.swift; sourceTree = "<group>"; };
/* End PBXFileReference section */

/* Begin PBXFrameworksBuildPhase section */
		87395C232BBCDAFA005F2025 /* Frameworks */ = {
			isa = PBXFrameworksBuildPhase;
			buildActionMask = 2147483647;
			files = (
			);
			runOnlyForDeploymentPostprocessing = 0;
		};
		87395C332BBCDAFC005F2025 /* Frameworks */ = {
			isa = PBXFrameworksBuildPhase;
			buildActionMask = 2147483647;
			files = (
			);
			runOnlyForDeploymentPostprocessing = 0;
		};
		87395C3D2BBCDAFC005F2025 /* Frameworks */ = {
			isa = PBXFrameworksBuildPhase;
			buildActionMask = 2147483647;
			files = (
			);
			runOnlyForDeploymentPostprocessing = 0;
		};
/* End PBXFrameworksBuildPhase section */

/* Begin PBXGroup section */
		87395C1D2BBCDAFA005F2025 = {
			isa = PBXGroup;
			children = (
				87395C282BBCDAFA005F2025 /* momentum */,
				87395C392BBCDAFC005F2025 /* momentumTests */,
				87395C432BBCDAFC005F2025 /* momentumUITests */,
				87395C272BBCDAFA005F2025 /* Products */,
			);
			sourceTree = "<group>";
		};
		87395C272BBCDAFA005F2025 /* Products */ = {
			isa = PBXGroup;
			children = (
				87395C262BBCDAFA005F2025 /* momentum.app */,
				87395C362BBCDAFC005F2025 /* momentumTests.xctest */,
				87395C402BBCDAFC005F2025 /* momentumUITests.xctest */,
			);
			name = Products;
			sourceTree = "<group>";
		};
		87395C282BBCDAFA005F2025 /* momentum */ = {
			isa = PBXGroup;
			children = (
				877CD11D2BBCF00C009EA1A8 /* Info.plist */,
				87395C292BBCDAFA005F2025 /* momentumApp.swift */,
				87395C2B2BBCDAFA005F2025 /* MomentumView.swift */,
				877CD11E2BBCF052009EA1A8 /* SpeechRecognizer.swift */,
				87395C2D2BBCDAFC005F2025 /* Assets.xcassets */,
				87395C2F2BBCDAFC005F2025 /* Preview Content */,
			);
			path = momentum;
			sourceTree = "<group>";
		};
		87395C2F2BBCDAFC005F2025 /* Preview Content */ = {
			isa = PBXGroup;
			children = (
				87395C302BBCDAFC005F2025 /* Preview Assets.xcassets */,
			);
			path = "Preview Content";
			sourceTree = "<group>";
		};
		87395C392BBCDAFC005F2025 /* momentumTests */ = {
			isa = PBXGroup;
			children = (
				87395C3A2BBCDAFC005F2025 /* momentumTests.swift */,
			);
			path = momentumTests;
			sourceTree = "<group>";
		};
		87395C432BBCDAFC005F2025 /* momentumUITests */ = {
			isa = PBXGroup;
			children = (
				87395C442BBCDAFC005F2025 /* momentumUITests.swift */,
				87395C462BBCDAFC005F2025 /* momentumUITestsLaunchTests.swift */,
			);
			path = momentumUITests;
			sourceTree = "<group>";
		};
/* End PBXGroup section */

/* Begin PBXNativeTarget section */
		87395C252BBCDAFA005F2025 /* momentum */ = {
			isa = PBXNativeTarget;
			buildConfigurationList = 87395C4A2BBCDAFC005F2025 /* Build configuration list for PBXNativeTarget "momentum" */;
			buildPhases = (
				87395C222BBCDAFA005F2025 /* Sources */,
				87395C232BBCDAFA005F2025 /* Frameworks */,
				87395C242BBCDAFA005F2025 /* Resources */,
			);
			buildRules = (
			);
			dependencies = (
			);
			name = momentum;
			productName = momentum;
			productReference = 87395C262BBCDAFA005F2025 /* momentum.app */;
			productType = "com.apple.product-type.application";
		};
		87395C352BBCDAFC005F2025 /* momentumTests */ = {
			isa = PBXNativeTarget;
			buildConfigurationList = 87395C4D2BBCDAFC005F2025 /* Build configuration list for PBXNativeTarget "momentumTests" */;
			buildPhases = (
				87395C322BBCDAFC005F2025 /* Sources */,
				87395C332BBCDAFC005F2025 /* Frameworks */,
				87395C342BBCDAFC005F2025 /* Resources */,
			);
			buildRules = (
			);
			dependencies = (
				87395C382BBCDAFC005F2025 /* PBXTargetDependency */,
			);
			name = momentumTests;
			productName = momentumTests;
			productReference = 87395C362BBCDAFC005F2025 /* momentumTests.xctest */;
			productType = "com.apple.product-type.bundle.unit-test";
		};
		87395C3F2BBCDAFC005F2025 /* momentumUITests */ = {
			isa = PBXNativeTarget;
			buildConfigurationList = 87395C502BBCDAFC005F2025 /* Build configuration list for PBXNativeTarget "momentumUITests" */;
			buildPhases = (
				87395C3C2BBCDAFC005F2025 /* Sources */,
				87395C3D2BBCDAFC005F2025 /* Frameworks */,
				87395C3E2BBCDAFC005F2025 /* Resources */,
			);
			buildRules = (
			);
			dependencies = (
				87395C422BBCDAFC005F2025 /* PBXTargetDependency */,
			);
			name = momentumUITests;
			productName = momentumUITests;
			productReference = 87395C402BBCDAFC005F2025 /* momentumUITests.xctest */;
			productType = "com.apple.product-type.bundle.ui-testing";
		};
/* End PBXNativeTarget section */

/* Begin PBXProject section */
		87395C1E2BBCDAFA005F2025 /* Project object */ = {
			isa = PBXProject;
			attributes = {
				BuildIndependentTargetsInParallel = 1;
				LastSwiftUpdateCheck = 1530;
				LastUpgradeCheck = 1530;
				TargetAttributes = {
					87395C252BBCDAFA005F2025 = {
						CreatedOnToolsVersion = 15.3;
					};
					87395C352BBCDAFC005F2025 = {
						CreatedOnToolsVersion = 15.3;
						TestTargetID = 87395C252BBCDAFA005F2025;
					};
					87395C3F2BBCDAFC005F2025 = {
						CreatedOnToolsVersion = 15.3;
						TestTargetID = 87395C252BBCDAFA005F2025;
					};
				};
			};
			buildConfigurationList = 87395C212BBCDAFA005F2025 /* Build configuration list for PBXProject "momentum" */;
			compatibilityVersion = "Xcode 14.0";
			developmentRegion = en;
			hasScannedForEncodings = 0;
			knownRegions = (
				en,
				Base,
			);
			mainGroup = 87395C1D2BBCDAFA005F2025;
			productRefGroup = 87395C272BBCDAFA005F2025 /* Products */;
			projectDirPath = "";
			projectRoot = "";
			targets = (
				87395C252BBCDAFA005F2025 /* momentum */,
				87395C352BBCDAFC005F2025 /* momentumTests */,
				87395C3F2BBCDAFC005F2025 /* momentumUITests */,
			);
		};
/* End PBXProject section */

/* Begin PBXResourcesBuildPhase section */
		87395C242BBCDAFA005F2025 /* Resources */ = {
			isa = PBXResourcesBuildPhase;
			buildActionMask = 2147483647;
			files = (
				87395C312BBCDAFC005F2025 /* Preview Assets.xcassets in Resources */,
				87395C2E2BBCDAFC005F2025 /* Assets.xcassets in Resources */,
			);
			runOnlyForDeploymentPostprocessing = 0;
		};
		87395C342BBCDAFC005F2025 /* Resources */ = {
			isa = PBXResourcesBuildPhase;
			buildActionMask = 2147483647;
			files = (
			);
			runOnlyForDeploymentPostprocessing = 0;
		};
		87395C3E2BBCDAFC005F2025 /* Resources */ = {
			isa = PBXResourcesBuildPhase;
			buildActionMask = 2147483647;
			files = (
			);
			runOnlyForDeploymentPostprocessing = 0;
		};
/* End PBXResourcesBuildPhase section */

/* Begin PBXSourcesBuildPhase section */
		87395C222BBCDAFA005F2025 /* Sources */ = {
			isa = PBXSourcesBuildPhase;
			buildActionMask = 2147483647;
			files = (
				87395C2C2BBCDAFA005F2025 /* MomentumView.swift in Sources */,
				87395C2A2BBCDAFA005F2025 /* momentumApp.swift in Sources */,
				877CD11F2BBCF052009EA1A8 /* SpeechRecognizer.swift in Sources */,
			);
			runOnlyForDeploymentPostprocessing = 0;
		};
		87395C322BBCDAFC005F2025 /* Sources */ = {
			isa = PBXSourcesBuildPhase;
			buildActionMask = 2147483647;
			files = (
				87395C3B2BBCDAFC005F2025 /* momentumTests.swift in Sources */,
			);
			runOnlyForDeploymentPostprocessing = 0;
		};
		87395C3C2BBCDAFC005F2025 /* Sources */ = {
			isa = PBXSourcesBuildPhase;
			buildActionMask = 2147483647;
			files = (
				87395C472BBCDAFC005F2025 /* momentumUITestsLaunchTests.swift in Sources */,
				87395C452BBCDAFC005F2025 /* momentumUITests.swift in Sources */,
			);
			runOnlyForDeploymentPostprocessing = 0;
		};
/* End PBXSourcesBuildPhase section */

/* Begin PBXTargetDependency section */
		87395C382BBCDAFC005F2025 /* PBXTargetDependency */ = {
			isa = PBXTargetDependency;
			target = 87395C252BBCDAFA005F2025 /* momentum */;
			targetProxy = 87395C372BBCDAFC005F2025 /* PBXContainerItemProxy */;
		};
		87395C422BBCDAFC005F2025 /* PBXTargetDependency */ = {
			isa = PBXTargetDependency;
			target = 87395C252BBCDAFA005F2025 /* momentum */;
			targetProxy = 87395C412BBCDAFC005F2025 /* PBXContainerItemProxy */;
		};
/* End PBXTargetDependency section */

/* Begin XCBuildConfiguration section */
		87395C482BBCDAFC005F2025 /* Debug */ = {
			isa = XCBuildConfiguration;
			buildSettings = {
				ALWAYS_SEARCH_USER_PATHS = NO;
				ASSETCATALOG_COMPILER_GENERATE_SWIFT_ASSET_SYMBOL_EXTENSIONS = YES;
				CLANG_ANALYZER_NONNULL = YES;
				CLANG_ANALYZER_NUMBER_OBJECT_CONVERSION = YES_AGGRESSIVE;
				CLANG_CXX_LANGUAGE_STANDARD = "gnu++20";
				CLANG_ENABLE_MODULES = YES;
				CLANG_ENABLE_OBJC_ARC = YES;
				CLANG_ENABLE_OBJC_WEAK = YES;
				CLANG_WARN_BLOCK_CAPTURE_AUTORELEASING = YES;
				CLANG_WARN_BOOL_CONVERSION = YES;
				CLANG_WARN_COMMA = YES;
				CLANG_WARN_CONSTANT_CONVERSION = YES;
				CLANG_WARN_DEPRECATED_OBJC_IMPLEMENTATIONS = YES;
				CLANG_WARN_DIRECT_OBJC_ISA_USAGE = YES_ERROR;
				CLANG_WARN_DOCUMENTATION_COMMENTS = YES;
				CLANG_WARN_EMPTY_BODY = YES;
				CLANG_WARN_ENUM_CONVERSION = YES;
				CLANG_WARN_INFINITE_RECURSION = YES;
				CLANG_WARN_INT_CONVERSION = YES;
				CLANG_WARN_NON_LITERAL_NULL_CONVERSION = YES;
				CLANG_WARN_OBJC_IMPLICIT_RETAIN_SELF = YES;
				CLANG_WARN_OBJC_LITERAL_CONVERSION = YES;
				CLANG_WARN_OBJC_ROOT_CLASS = YES_ERROR;
				CLANG_WARN_QUOTED_INCLUDE_IN_FRAMEWORK_HEADER = YES;
				CLANG_WARN_RANGE_LOOP_ANALYSIS = YES;
				CLANG_WARN_STRICT_PROTOTYPES = YES;
				CLANG_WARN_SUSPICIOUS_MOVE = YES;
				CLANG_WARN_UNGUARDED_AVAILABILITY = YES_AGGRESSIVE;
				CLANG_WARN_UNREACHABLE_CODE = YES;
				CLANG_WARN__DUPLICATE_METHOD_MATCH = YES;
				COPY_PHASE_STRIP = NO;
				DEBUG_INFORMATION_FORMAT = dwarf;
				ENABLE_STRICT_OBJC_MSGSEND = YES;
				ENABLE_TESTABILITY = YES;
				ENABLE_USER_SCRIPT_SANDBOXING = YES;
				GCC_C_LANGUAGE_STANDARD = gnu17;
				GCC_DYNAMIC_NO_PIC = NO;
				GCC_NO_COMMON_BLOCKS = YES;
				GCC_OPTIMIZATION_LEVEL = 0;
				GCC_PREPROCESSOR_DEFINITIONS = (
					"DEBUG=1",
					"$(inherited)",
				);
				GCC_WARN_64_TO_32_BIT_CONVERSION = YES;
				GCC_WARN_ABOUT_RETURN_TYPE = YES_ERROR;
				GCC_WARN_UNDECLARED_SELECTOR = YES;
				GCC_WARN_UNINITIALIZED_AUTOS = YES_AGGRESSIVE;
				GCC_WARN_UNUSED_FUNCTION = YES;
				GCC_WARN_UNUSED_VARIABLE = YES;
				IPHONEOS_DEPLOYMENT_TARGET = 17.4;
				LOCALIZATION_PREFERS_STRING_CATALOGS = YES;
				MTL_ENABLE_DEBUG_INFO = INCLUDE_SOURCE;
				MTL_FAST_MATH = YES;
				ONLY_ACTIVE_ARCH = YES;
				SDKROOT = iphoneos;
				SWIFT_ACTIVE_COMPILATION_CONDITIONS = "DEBUG $(inherited)";
				SWIFT_OPTIMIZATION_LEVEL = "-Onone";
			};
			name = Debug;
		};
		87395C492BBCDAFC005F2025 /* Release */ = {
			isa = XCBuildConfiguration;
			buildSettings = {
				ALWAYS_SEARCH_USER_PATHS = NO;
				ASSETCATALOG_COMPILER_GENERATE_SWIFT_ASSET_SYMBOL_EXTENSIONS = YES;
				CLANG_ANALYZER_NONNULL = YES;
				CLANG_ANALYZER_NUMBER_OBJECT_CONVERSION = YES_AGGRESSIVE;
				CLANG_CXX_LANGUAGE_STANDARD = "gnu++20";
				CLANG_ENABLE_MODULES = YES;
				CLANG_ENABLE_OBJC_ARC = YES;
				CLANG_ENABLE_OBJC_WEAK = YES;
				CLANG_WARN_BLOCK_CAPTURE_AUTORELEASING = YES;
				CLANG_WARN_BOOL_CONVERSION = YES;
				CLANG_WARN_COMMA = YES;
				CLANG_WARN_CONSTANT_CONVERSION = YES;
				CLANG_WARN_DEPRECATED_OBJC_IMPLEMENTATIONS = YES;
				CLANG_WARN_DIRECT_OBJC_ISA_USAGE = YES_ERROR;
				CLANG_WARN_DOCUMENTATION_COMMENTS = YES;
				CLANG_WARN_EMPTY_BODY = YES;
				CLANG_WARN_ENUM_CONVERSION = YES;
				CLANG_WARN_INFINITE_RECURSION = YES;
				CLANG_WARN_INT_CONVERSION = YES;
				CLANG_WARN_NON_LITERAL_NULL_CONVERSION = YES;
				CLANG_WARN_OBJC_IMPLICIT_RETAIN_SELF = YES;
				CLANG_WARN_OBJC_LITERAL_CONVERSION = YES;
				CLANG_WARN_OBJC_ROOT_CLASS = YES_ERROR;
				CLANG_WARN_QUOTED_INCLUDE_IN_FRAMEWORK_HEADER = YES;
				CLANG_WARN_RANGE_LOOP_ANALYSIS = YES;
				CLANG_WARN_STRICT_PROTOTYPES = YES;
				CLANG_WARN_SUSPICIOUS_MOVE = YES;
				CLANG_WARN_UNGUARDED_AVAILABILITY = YES_AGGRESSIVE;
				CLANG_WARN_UNREACHABLE_CODE = YES;
				CLANG_WARN__DUPLICATE_METHOD_MATCH = YES;
				COPY_PHASE_STRIP = NO;
				DEBUG_INFORMATION_FORMAT = "dwarf-with-dsym";
				ENABLE_NS_ASSERTIONS = NO;
				ENABLE_STRICT_OBJC_MSGSEND = YES;
				ENABLE_USER_SCRIPT_SANDBOXING = YES;
				GCC_C_LANGUAGE_STANDARD = gnu17;
				GCC_NO_COMMON_BLOCKS = YES;
				GCC_WARN_64_TO_32_BIT_CONVERSION = YES;
				GCC_WARN_ABOUT_RETURN_TYPE = YES_ERROR;
				GCC_WARN_UNDECLARED_SELECTOR = YES;
				GCC_WARN_UNINITIALIZED_AUTOS = YES_AGGRESSIVE;
				GCC_WARN_UNUSED_FUNCTION = YES;
				GCC_WARN_UNUSED_VARIABLE = YES;
				IPHONEOS_DEPLOYMENT_TARGET = 17.4;
				LOCALIZATION_PREFERS_STRING_CATALOGS = YES;
				MTL_ENABLE_DEBUG_INFO = NO;
				MTL_FAST_MATH = YES;
				SDKROOT = iphoneos;
				SWIFT_COMPILATION_MODE = wholemodule;
				VALIDATE_PRODUCT = YES;
			};
			name = Release;
		};
		87395C4B2BBCDAFC005F2025 /* Debug */ = {
			isa = XCBuildConfiguration;
			buildSettings = {
				ASSETCATALOG_COMPILER_APPICON_NAME = AppIcon;
				ASSETCATALOG_COMPILER_GLOBAL_ACCENT_COLOR_NAME = AccentColor;
				CODE_SIGN_STYLE = Automatic;
				CURRENT_PROJECT_VERSION = 1;
				DEVELOPMENT_ASSET_PATHS = "\"momentum/Preview Content\"";
				DEVELOPMENT_TEAM = JZUXQ9JH9H;
				ENABLE_PREVIEWS = YES;
				GENERATE_INFOPLIST_FILE = YES;
				INFOPLIST_FILE = momentum/Info.plist;
				INFOPLIST_KEY_NSMicrophoneUsageDescription = "Momentum would like to use your microphone for user input.";
				INFOPLIST_KEY_NSSpeechRecognitionUsageDescription = "Momentum would like to optimize your speech.";
				INFOPLIST_KEY_UIApplicationSceneManifest_Generation = YES;
				INFOPLIST_KEY_UIApplicationSupportsIndirectInputEvents = YES;
				INFOPLIST_KEY_UILaunchScreen_Generation = YES;
				INFOPLIST_KEY_UISupportedInterfaceOrientations_iPad = "UIInterfaceOrientationPortrait UIInterfaceOrientationPortraitUpsideDown UIInterfaceOrientationLandscapeLeft UIInterfaceOrientationLandscapeRight";
				INFOPLIST_KEY_UISupportedInterfaceOrientations_iPhone = "UIInterfaceOrientationPortrait UIInterfaceOrientationLandscapeLeft UIInterfaceOrientationLandscapeRight";
				LD_RUNPATH_SEARCH_PATHS = (
					"$(inherited)",
					"@executable_path/Frameworks",
				);
				MARKETING_VERSION = 1.0;
				PRODUCT_BUNDLE_IDENTIFIER = mv.momentum;
				PRODUCT_NAME = "$(TARGET_NAME)";
				SWIFT_EMIT_LOC_STRINGS = YES;
				SWIFT_VERSION = 5.0;
				TARGETED_DEVICE_FAMILY = "1,2";
			};
			name = Debug;
		};
		87395C4C2BBCDAFC005F2025 /* Release */ = {
			isa = XCBuildConfiguration;
			buildSettings = {
				ASSETCATALOG_COMPILER_APPICON_NAME = AppIcon;
				ASSETCATALOG_COMPILER_GLOBAL_ACCENT_COLOR_NAME = AccentColor;
				CODE_SIGN_STYLE = Automatic;
				CURRENT_PROJECT_VERSION = 1;
				DEVELOPMENT_ASSET_PATHS = "\"momentum/Preview Content\"";
				DEVELOPMENT_TEAM = JZUXQ9JH9H;
				ENABLE_PREVIEWS = YES;
				GENERATE_INFOPLIST_FILE = YES;
				INFOPLIST_FILE = momentum/Info.plist;
				INFOPLIST_KEY_NSMicrophoneUsageDescription = "Momentum would like to use your microphone for user input.";
				INFOPLIST_KEY_NSSpeechRecognitionUsageDescription = "Momentum would like to optimize your speech.";
				INFOPLIST_KEY_UIApplicationSceneManifest_Generation = YES;
				INFOPLIST_KEY_UIApplicationSupportsIndirectInputEvents = YES;
				INFOPLIST_KEY_UILaunchScreen_Generation = YES;
				INFOPLIST_KEY_UISupportedInterfaceOrientations_iPad = "UIInterfaceOrientationPortrait UIInterfaceOrientationPortraitUpsideDown UIInterfaceOrientationLandscapeLeft UIInterfaceOrientationLandscapeRight";
				INFOPLIST_KEY_UISupportedInterfaceOrientations_iPhone = "UIInterfaceOrientationPortrait UIInterfaceOrientationLandscapeLeft UIInterfaceOrientationLandscapeRight";
				LD_RUNPATH_SEARCH_PATHS = (
					"$(inherited)",
					"@executable_path/Frameworks",
				);
				MARKETING_VERSION = 1.0;
				PRODUCT_BUNDLE_IDENTIFIER = mv.momentum;
				PRODUCT_NAME = "$(TARGET_NAME)";
				SWIFT_EMIT_LOC_STRINGS = YES;
				SWIFT_VERSION = 5.0;
				TARGETED_DEVICE_FAMILY = "1,2";
			};
			name = Release;
		};
		87395C4E2BBCDAFC005F2025 /* Debug */ = {
			isa = XCBuildConfiguration;
			buildSettings = {
				ALWAYS_EMBED_SWIFT_STANDARD_LIBRARIES = YES;
				BUNDLE_LOADER = "$(TEST_HOST)";
				CODE_SIGN_STYLE = Automatic;
				CURRENT_PROJECT_VERSION = 1;
				DEVELOPMENT_TEAM = JZUXQ9JH9H;
				GENERATE_INFOPLIST_FILE = YES;
				IPHONEOS_DEPLOYMENT_TARGET = 17.4;
				MARKETING_VERSION = 1.0;
				PRODUCT_BUNDLE_IDENTIFIER = mv.momentumTests;
				PRODUCT_NAME = "$(TARGET_NAME)";
				SWIFT_EMIT_LOC_STRINGS = NO;
				SWIFT_VERSION = 5.0;
				TARGETED_DEVICE_FAMILY = "1,2";
				TEST_HOST = "$(BUILT_PRODUCTS_DIR)/momentum.app/$(BUNDLE_EXECUTABLE_FOLDER_PATH)/momentum";
			};
			name = Debug;
		};
		87395C4F2BBCDAFC005F2025 /* Release */ = {
			isa = XCBuildConfiguration;
			buildSettings = {
				ALWAYS_EMBED_SWIFT_STANDARD_LIBRARIES = YES;
				BUNDLE_LOADER = "$(TEST_HOST)";
				CODE_SIGN_STYLE = Automatic;
				CURRENT_PROJECT_VERSION = 1;
				DEVELOPMENT_TEAM = JZUXQ9JH9H;
				GENERATE_INFOPLIST_FILE = YES;
				IPHONEOS_DEPLOYMENT_TARGET = 17.4;
				MARKETING_VERSION = 1.0;
				PRODUCT_BUNDLE_IDENTIFIER = mv.momentumTests;
				PRODUCT_NAME = "$(TARGET_NAME)";
				SWIFT_EMIT_LOC_STRINGS = NO;
				SWIFT_VERSION = 5.0;
				TARGETED_DEVICE_FAMILY = "1,2";
				TEST_HOST = "$(BUILT_PRODUCTS_DIR)/momentum.app/$(BUNDLE_EXECUTABLE_FOLDER_PATH)/momentum";
			};
			name = Release;
		};
		87395C512BBCDAFC005F2025 /* Debug */ = {
			isa = XCBuildConfiguration;
			buildSettings = {
				ALWAYS_EMBED_SWIFT_STANDARD_LIBRARIES = YES;
				CODE_SIGN_STYLE = Automatic;
				CURRENT_PROJECT_VERSION = 1;
				DEVELOPMENT_TEAM = JZUXQ9JH9H;
				GENERATE_INFOPLIST_FILE = YES;
				MARKETING_VERSION = 1.0;
				PRODUCT_BUNDLE_IDENTIFIER = mv.momentumUITests;
				PRODUCT_NAME = "$(TARGET_NAME)";
				SWIFT_EMIT_LOC_STRINGS = NO;
				SWIFT_VERSION = 5.0;
				TARGETED_DEVICE_FAMILY = "1,2";
				TEST_TARGET_NAME = momentum;
			};
			name = Debug;
		};
		87395C522BBCDAFC005F2025 /* Release */ = {
			isa = XCBuildConfiguration;
			buildSettings = {
				ALWAYS_EMBED_SWIFT_STANDARD_LIBRARIES = YES;
				CODE_SIGN_STYLE = Automatic;
				CURRENT_PROJECT_VERSION = 1;
				DEVELOPMENT_TEAM = JZUXQ9JH9H;
				GENERATE_INFOPLIST_FILE = YES;
				MARKETING_VERSION = 1.0;
				PRODUCT_BUNDLE_IDENTIFIER = mv.momentumUITests;
				PRODUCT_NAME = "$(TARGET_NAME)";
				SWIFT_EMIT_LOC_STRINGS = NO;
				SWIFT_VERSION = 5.0;
				TARGETED_DEVICE_FAMILY = "1,2";
				TEST_TARGET_NAME = momentum;
			};
			name = Release;
		};
/* End XCBuildConfiguration section */

/* Begin XCConfigurationList section */
		87395C212BBCDAFA005F2025 /* Build configuration list for PBXProject "momentum" */ = {
			isa = XCConfigurationList;
			buildConfigurations = (
				87395C482BBCDAFC005F2025 /* Debug */,
				87395C492BBCDAFC005F2025 /* Release */,
			);
			defaultConfigurationIsVisible = 0;
			defaultConfigurationName = Release;
		};
		87395C4A2BBCDAFC005F2025 /* Build configuration list for PBXNativeTarget "momentum" */ = {
			isa = XCConfigurationList;
			buildConfigurations = (
				87395C4B2BBCDAFC005F2025 /* Debug */,
				87395C4C2BBCDAFC005F2025 /* Release */,
			);
			defaultConfigurationIsVisible = 0;
			defaultConfigurationName = Release;
		};
		87395C4D2BBCDAFC005F2025 /* Build configuration list for PBXNativeTarget "momentumTests" */ = {
			isa = XCConfigurationList;
			buildConfigurations = (
				87395C4E2BBCDAFC005F2025 /* Debug */,
				87395C4F2BBCDAFC005F2025 /* Release */,
			);
			defaultConfigurationIsVisible = 0;
			defaultConfigurationName = Release;
		};
		87395C502BBCDAFC005F2025 /* Build configuration list for PBXNativeTarget "momentumUITests" */ = {
			isa = XCConfigurationList;
			buildConfigurations = (
				87395C512BBCDAFC005F2025 /* Debug */,
				87395C522BBCDAFC005F2025 /* Release */,
			);
			defaultConfigurationIsVisible = 0;
			defaultConfigurationName = Release;
		};
/* End XCConfigurationList section */
	};
	rootObject = 87395C1E2BBCDAFA005F2025 /* Project object */;
}
